// !$*UTF8*$!
{
	archiveVersion = 1;
	classes = {
	};
	objectVersion = 51;
	objects = {

/* Begin PBXBuildFile section */
		134BF40ECE5858FC3B1592F1 /* Pods_breakpoint.framework in Frameworks */ = {isa = PBXBuildFile; fileRef = C0109CC756CC7C5A01C9EFFC /* Pods_breakpoint.framework */; };
		70152FF523ABA89A00B109C3 /* MeVC.swift in Sources */ = {isa = PBXBuildFile; fileRef = 70152FF423ABA89A00B109C3 /* MeVC.swift */; };
		705DCF1623A8E1910066B144 /* AppDelegate.swift in Sources */ = {isa = PBXBuildFile; fileRef = 705DCF1523A8E1910066B144 /* AppDelegate.swift */; };
		705DCF1823A8E1910066B144 /* SceneDelegate.swift in Sources */ = {isa = PBXBuildFile; fileRef = 705DCF1723A8E1910066B144 /* SceneDelegate.swift */; };
		705DCF1A23A8E1910066B144 /* FeedVC.swift in Sources */ = {isa = PBXBuildFile; fileRef = 705DCF1923A8E1910066B144 /* FeedVC.swift */; };
		705DCF1C23A8E1910066B144 /* GroupsVC.swift in Sources */ = {isa = PBXBuildFile; fileRef = 705DCF1B23A8E1910066B144 /* GroupsVC.swift */; };
		705DCF1F23A8E1910066B144 /* Main.storyboard in Resources */ = {isa = PBXBuildFile; fileRef = 705DCF1D23A8E1910066B144 /* Main.storyboard */; };
		705DCF2123A8E1950066B144 /* Assets.xcassets in Resources */ = {isa = PBXBuildFile; fileRef = 705DCF2023A8E1950066B144 /* Assets.xcassets */; };
		705DCF2423A8E1950066B144 /* LaunchScreen.storyboard in Resources */ = {isa = PBXBuildFile; fileRef = 705DCF2223A8E1950066B144 /* LaunchScreen.storyboard */; };
		705DCF3123A8E3C60066B144 /* GoogleService-Info.plist in Resources */ = {isa = PBXBuildFile; fileRef = 705DCF3023A8E3C60066B144 /* GoogleService-Info.plist */; };
		705DCF3323A8F5360066B144 /* DataService.swift in Sources */ = {isa = PBXBuildFile; fileRef = 705DCF3223A8F5360066B144 /* DataService.swift */; };
		705DCF3523A94A970066B144 /* AuthVC.swift in Sources */ = {isa = PBXBuildFile; fileRef = 705DCF3423A94A970066B144 /* AuthVC.swift */; };
		705DCF3723A94ADE0066B144 /* LoginVC.swift in Sources */ = {isa = PBXBuildFile; fileRef = 705DCF3623A94ADE0066B144 /* LoginVC.swift */; };
		705DCF3923A94B690066B144 /* InsetTextField.swift in Sources */ = {isa = PBXBuildFile; fileRef = 705DCF3823A94B690066B144 /* InsetTextField.swift */; };
		705DCF3B23A950BE0066B144 /* ShadowView.swift in Sources */ = {isa = PBXBuildFile; fileRef = 705DCF3A23A950BE0066B144 /* ShadowView.swift */; };
		705DCF3D23A953270066B144 /* AuthService.swift in Sources */ = {isa = PBXBuildFile; fileRef = 705DCF3C23A953270066B144 /* AuthService.swift */; };
/* End PBXBuildFile section */

/* Begin PBXFileReference section */
		70152FF423ABA89A00B109C3 /* MeVC.swift */ = {isa = PBXFileReference; lastKnownFileType = sourcecode.swift; path = MeVC.swift; sourceTree = "<group>"; };
		705DCF1223A8E1910066B144 /* breakpoint.app */ = {isa = PBXFileReference; explicitFileType = wrapper.application; includeInIndex = 0; path = breakpoint.app; sourceTree = BUILT_PRODUCTS_DIR; };
		705DCF1523A8E1910066B144 /* AppDelegate.swift */ = {isa = PBXFileReference; lastKnownFileType = sourcecode.swift; path = AppDelegate.swift; sourceTree = "<group>"; };
		705DCF1723A8E1910066B144 /* SceneDelegate.swift */ = {isa = PBXFileReference; lastKnownFileType = sourcecode.swift; path = SceneDelegate.swift; sourceTree = "<group>"; };
		705DCF1923A8E1910066B144 /* FeedVC.swift */ = {isa = PBXFileReference; lastKnownFileType = sourcecode.swift; path = FeedVC.swift; sourceTree = "<group>"; };
		705DCF1B23A8E1910066B144 /* GroupsVC.swift */ = {isa = PBXFileReference; lastKnownFileType = sourcecode.swift; path = GroupsVC.swift; sourceTree = "<group>"; };
		705DCF1E23A8E1910066B144 /* Base */ = {isa = PBXFileReference; lastKnownFileType = file.storyboard; name = Base; path = Base.lproj/Main.storyboard; sourceTree = "<group>"; };
		705DCF2023A8E1950066B144 /* Assets.xcassets */ = {isa = PBXFileReference; lastKnownFileType = folder.assetcatalog; path = Assets.xcassets; sourceTree = "<group>"; };
		705DCF2323A8E1950066B144 /* Base */ = {isa = PBXFileReference; lastKnownFileType = file.storyboard; name = Base; path = Base.lproj/LaunchScreen.storyboard; sourceTree = "<group>"; };
		705DCF2523A8E1950066B144 /* Info.plist */ = {isa = PBXFileReference; lastKnownFileType = text.plist.xml; path = Info.plist; sourceTree = "<group>"; };
		705DCF3023A8E3C60066B144 /* GoogleService-Info.plist */ = {isa = PBXFileReference; fileEncoding = 4; lastKnownFileType = text.plist.xml; path = "GoogleService-Info.plist"; sourceTree = "<group>"; };
		705DCF3223A8F5360066B144 /* DataService.swift */ = {isa = PBXFileReference; lastKnownFileType = sourcecode.swift; path = DataService.swift; sourceTree = "<group>"; };
		705DCF3423A94A970066B144 /* AuthVC.swift */ = {isa = PBXFileReference; lastKnownFileType = sourcecode.swift; path = AuthVC.swift; sourceTree = "<group>"; };
		705DCF3623A94ADE0066B144 /* LoginVC.swift */ = {isa = PBXFileReference; lastKnownFileType = sourcecode.swift; path = LoginVC.swift; sourceTree = "<group>"; };
		705DCF3823A94B690066B144 /* InsetTextField.swift */ = {isa = PBXFileReference; lastKnownFileType = sourcecode.swift; path = InsetTextField.swift; sourceTree = "<group>"; };
		705DCF3A23A950BE0066B144 /* ShadowView.swift */ = {isa = PBXFileReference; lastKnownFileType = sourcecode.swift; path = ShadowView.swift; sourceTree = "<group>"; };
		705DCF3C23A953270066B144 /* AuthService.swift */ = {isa = PBXFileReference; lastKnownFileType = sourcecode.swift; path = AuthService.swift; sourceTree = "<group>"; };
		8F9ADD5925C525955AA91565 /* Pods-breakpoint.debug.xcconfig */ = {isa = PBXFileReference; includeInIndex = 1; lastKnownFileType = text.xcconfig; name = "Pods-breakpoint.debug.xcconfig"; path = "Target Support Files/Pods-breakpoint/Pods-breakpoint.debug.xcconfig"; sourceTree = "<group>"; };
		C0109CC756CC7C5A01C9EFFC /* Pods_breakpoint.framework */ = {isa = PBXFileReference; explicitFileType = wrapper.framework; includeInIndex = 0; path = Pods_breakpoint.framework; sourceTree = BUILT_PRODUCTS_DIR; };
		CA139D08D36224E5D7DEFE68 /* Pods-breakpoint.release.xcconfig */ = {isa = PBXFileReference; includeInIndex = 1; lastKnownFileType = text.xcconfig; name = "Pods-breakpoint.release.xcconfig"; path = "Target Support Files/Pods-breakpoint/Pods-breakpoint.release.xcconfig"; sourceTree = "<group>"; };
/* End PBXFileReference section */

/* Begin PBXFrameworksBuildPhase section */
		705DCF0F23A8E1910066B144 /* Frameworks */ = {
			isa = PBXFrameworksBuildPhase;
			buildActionMask = 2147483647;
			files = (
				134BF40ECE5858FC3B1592F1 /* Pods_breakpoint.framework in Frameworks */,
			);
			runOnlyForDeploymentPostprocessing = 0;
		};
/* End PBXFrameworksBuildPhase section */

/* Begin PBXGroup section */
		705DCF0923A8E1910066B144 = {
			isa = PBXGroup;
			children = (
				705DCF1423A8E1910066B144 /* breakpoint */,
				705DCF1323A8E1910066B144 /* Products */,
				9980F5AF7F0BFD63C3D6560A /* Pods */,
				9408C6CB5ED073033F198481 /* Frameworks */,
			);
			sourceTree = "<group>";
		};
		705DCF1323A8E1910066B144 /* Products */ = {
			isa = PBXGroup;
			children = (
				705DCF1223A8E1910066B144 /* breakpoint.app */,
			);
			name = Products;
			sourceTree = "<group>";
		};
		705DCF1423A8E1910066B144 /* breakpoint */ = {
			isa = PBXGroup;
			children = (
				705DCF2F23A8E2230066B144 /* Services */,
				705DCF2E23A8E1ED0066B144 /* Extensions */,
				705DCF2D23A8E1E50066B144 /* Model */,
				705DCF2C23A8E1DD0066B144 /* View */,
				705DCF2B23A8E1C70066B144 /* Controller */,
				705DCF1523A8E1910066B144 /* AppDelegate.swift */,
				705DCF1723A8E1910066B144 /* SceneDelegate.swift */,
				705DCF1D23A8E1910066B144 /* Main.storyboard */,
				705DCF2023A8E1950066B144 /* Assets.xcassets */,
				705DCF2223A8E1950066B144 /* LaunchScreen.storyboard */,
				705DCF2523A8E1950066B144 /* Info.plist */,
				705DCF3023A8E3C60066B144 /* GoogleService-Info.plist */,
			);
			path = breakpoint;
			sourceTree = "<group>";
		};
		705DCF2B23A8E1C70066B144 /* Controller */ = {
			isa = PBXGroup;
			children = (
				705DCF1B23A8E1910066B144 /* GroupsVC.swift */,
				705DCF1923A8E1910066B144 /* FeedVC.swift */,
				705DCF3423A94A970066B144 /* AuthVC.swift */,
				705DCF3623A94ADE0066B144 /* LoginVC.swift */,
				70152FF423ABA89A00B109C3 /* MeVC.swift */,
			);
			path = Controller;
			sourceTree = "<group>";
		};
		705DCF2C23A8E1DD0066B144 /* View */ = {
			isa = PBXGroup;
			children = (
				705DCF3823A94B690066B144 /* InsetTextField.swift */,
				705DCF3A23A950BE0066B144 /* ShadowView.swift */,
			);
			path = View;
			sourceTree = "<group>";
		};
		705DCF2D23A8E1E50066B144 /* Model */ = {
			isa = PBXGroup;
			children = (
			);
			path = Model;
			sourceTree = "<group>";
		};
		705DCF2E23A8E1ED0066B144 /* Extensions */ = {
			isa = PBXGroup;
			children = (
			);
			path = Extensions;
			sourceTree = "<group>";
		};
		705DCF2F23A8E2230066B144 /* Services */ = {
			isa = PBXGroup;
			children = (
				705DCF3223A8F5360066B144 /* DataService.swift */,
				705DCF3C23A953270066B144 /* AuthService.swift */,
			);
			path = Services;
			sourceTree = "<group>";
		};
		9408C6CB5ED073033F198481 /* Frameworks */ = {
			isa = PBXGroup;
			children = (
				C0109CC756CC7C5A01C9EFFC /* Pods_breakpoint.framework */,
			);
			name = Frameworks;
			sourceTree = "<group>";
		};
		9980F5AF7F0BFD63C3D6560A /* Pods */ = {
			isa = PBXGroup;
			children = (
				8F9ADD5925C525955AA91565 /* Pods-breakpoint.debug.xcconfig */,
				CA139D08D36224E5D7DEFE68 /* Pods-breakpoint.release.xcconfig */,
			);
			path = Pods;
			sourceTree = "<group>";
		};
/* End PBXGroup section */

/* Begin PBXNativeTarget section */
		705DCF1123A8E1910066B144 /* breakpoint */ = {
			isa = PBXNativeTarget;
			buildConfigurationList = 705DCF2823A8E1950066B144 /* Build configuration list for PBXNativeTarget "breakpoint" */;
			buildPhases = (
				8837C8B82988C8BD64C5C69A /* [CP] Check Pods Manifest.lock */,
				705DCF0E23A8E1910066B144 /* Sources */,
				705DCF0F23A8E1910066B144 /* Frameworks */,
				705DCF1023A8E1910066B144 /* Resources */,
				4C5CC3236150354CCAF6ED9C /* [CP] Embed Pods Frameworks */,
			);
			buildRules = (
			);
			dependencies = (
			);
			name = breakpoint;
			productName = breakpoint;
			productReference = 705DCF1223A8E1910066B144 /* breakpoint.app */;
			productType = "com.apple.product-type.application";
		};
/* End PBXNativeTarget section */

/* Begin PBXProject section */
		705DCF0A23A8E1910066B144 /* Project object */ = {
			isa = PBXProject;
			attributes = {
				LastSwiftUpdateCheck = 1130;
				LastUpgradeCheck = 1130;
				ORGANIZATIONNAME = "Tomek Klocek";
				TargetAttributes = {
					705DCF1123A8E1910066B144 = {
						CreatedOnToolsVersion = 11.3;
					};
				};
			};
			buildConfigurationList = 705DCF0D23A8E1910066B144 /* Build configuration list for PBXProject "breakpoint" */;
			compatibilityVersion = "Xcode 9.3";
			developmentRegion = en;
			hasScannedForEncodings = 0;
			knownRegions = (
				en,
				Base,
			);
			mainGroup = 705DCF0923A8E1910066B144;
			productRefGroup = 705DCF1323A8E1910066B144 /* Products */;
			projectDirPath = "";
			projectRoot = "";
			targets = (
				705DCF1123A8E1910066B144 /* breakpoint */,
			);
		};
/* End PBXProject section */

/* Begin PBXResourcesBuildPhase section */
		705DCF1023A8E1910066B144 /* Resources */ = {
			isa = PBXResourcesBuildPhase;
			buildActionMask = 2147483647;
			files = (
				705DCF2423A8E1950066B144 /* LaunchScreen.storyboard in Resources */,
				705DCF3123A8E3C60066B144 /* GoogleService-Info.plist in Resources */,
				705DCF2123A8E1950066B144 /* Assets.xcassets in Resources */,
				705DCF1F23A8E1910066B144 /* Main.storyboard in Resources */,
			);
			runOnlyForDeploymentPostprocessing = 0;
		};
/* End PBXResourcesBuildPhase section */

/* Begin PBXShellScriptBuildPhase section */
		4C5CC3236150354CCAF6ED9C /* [CP] Embed Pods Frameworks */ = {
			isa = PBXShellScriptBuildPhase;
			buildActionMask = 2147483647;
			files = (
			);
			inputFileListPaths = (
				"${PODS_ROOT}/Target Support Files/Pods-breakpoint/Pods-breakpoint-frameworks-${CONFIGURATION}-input-files.xcfilelist",
			);
			name = "[CP] Embed Pods Frameworks";
			outputFileListPaths = (
				"${PODS_ROOT}/Target Support Files/Pods-breakpoint/Pods-breakpoint-frameworks-${CONFIGURATION}-output-files.xcfilelist",
			);
			runOnlyForDeploymentPostprocessing = 0;
			shellPath = /bin/sh;
			shellScript = "\"${PODS_ROOT}/Target Support Files/Pods-breakpoint/Pods-breakpoint-frameworks.sh\"\n";
			showEnvVarsInLog = 0;
		};
		8837C8B82988C8BD64C5C69A /* [CP] Check Pods Manifest.lock */ = {
			isa = PBXShellScriptBuildPhase;
			buildActionMask = 2147483647;
			files = (
			);
			inputFileListPaths = (
			);
			inputPaths = (
				"${PODS_PODFILE_DIR_PATH}/Podfile.lock",
				"${PODS_ROOT}/Manifest.lock",
			);
			name = "[CP] Check Pods Manifest.lock";
			outputFileListPaths = (
			);
			outputPaths = (
				"$(DERIVED_FILE_DIR)/Pods-breakpoint-checkManifestLockResult.txt",
			);
			runOnlyForDeploymentPostprocessing = 0;
			shellPath = /bin/sh;
			shellScript = "diff \"${PODS_PODFILE_DIR_PATH}/Podfile.lock\" \"${PODS_ROOT}/Manifest.lock\" > /dev/null\nif [ $? != 0 ] ; then\n    # print error to STDERR\n    echo \"error: The sandbox is not in sync with the Podfile.lock. Run 'pod install' or update your CocoaPods installation.\" >&2\n    exit 1\nfi\n# This output is used by Xcode 'outputs' to avoid re-running this script phase.\necho \"SUCCESS\" > \"${SCRIPT_OUTPUT_FILE_0}\"\n";
			showEnvVarsInLog = 0;
		};
/* End PBXShellScriptBuildPhase section */

/* Begin PBXSourcesBuildPhase section */
		705DCF0E23A8E1910066B144 /* Sources */ = {
			isa = PBXSourcesBuildPhase;
			buildActionMask = 2147483647;
			files = (
				705DCF3B23A950BE0066B144 /* ShadowView.swift in Sources */,
				705DCF3523A94A970066B144 /* AuthVC.swift in Sources */,
				705DCF1C23A8E1910066B144 /* GroupsVC.swift in Sources */,
				705DCF3723A94ADE0066B144 /* LoginVC.swift in Sources */,
				705DCF3923A94B690066B144 /* InsetTextField.swift in Sources */,
				705DCF1A23A8E1910066B144 /* FeedVC.swift in Sources */,
				705DCF1623A8E1910066B144 /* AppDelegate.swift in Sources */,
				70152FF523ABA89A00B109C3 /* MeVC.swift in Sources */,
				705DCF3D23A953270066B144 /* AuthService.swift in Sources */,
				705DCF1823A8E1910066B144 /* SceneDelegate.swift in Sources */,
				705DCF3323A8F5360066B144 /* DataService.swift in Sources */,
			);
			runOnlyForDeploymentPostprocessing = 0;
		};
/* End PBXSourcesBuildPhase section */

/* Begin PBXVariantGroup section */
		705DCF1D23A8E1910066B144 /* Main.storyboard */ = {
			isa = PBXVariantGroup;
			children = (
				705DCF1E23A8E1910066B144 /* Base */,
			);
			name = Main.storyboard;
			sourceTree = "<group>";
		};
		705DCF2223A8E1950066B144 /* LaunchScreen.storyboard */ = {
			isa = PBXVariantGroup;
			children = (
				705DCF2323A8E1950066B144 /* Base */,
			);
			name = LaunchScreen.storyboard;
			sourceTree = "<group>";
		};
/* End PBXVariantGroup section */

/* Begin XCBuildConfiguration section */
		705DCF2623A8E1950066B144 /* Debug */ = {
			isa = XCBuildConfiguration;
			buildSettings = {
				ALWAYS_SEARCH_USER_PATHS = NO;
				CLANG_ANALYZER_NONNULL = YES;
				CLANG_ANALYZER_NUMBER_OBJECT_CONVERSION = YES_AGGRESSIVE;
				CLANG_CXX_LANGUAGE_STANDARD = "gnu++14";
				CLANG_CXX_LIBRARY = "libc++";
				CLANG_ENABLE_MODULES = YES;
				CLANG_ENABLE_OBJC_ARC = YES;
				CLANG_ENABLE_OBJC_WEAK = YES;
				CLANG_WARN_BLOCK_CAPTURE_AUTORELEASING = YES;
				CLANG_WARN_BOOL_CONVERSION = YES;
				CLANG_WARN_COMMA = YES;
				CLANG_WARN_CONSTANT_CONVERSION = YES;
				CLANG_WARN_DEPRECATED_OBJC_IMPLEMENTATIONS = YES;
				CLANG_WARN_DIRECT_OBJC_ISA_USAGE = YES_ERROR;
				CLANG_WARN_DOCUMENTATION_COMMENTS = YES;
				CLANG_WARN_EMPTY_BODY = YES;
				CLANG_WARN_ENUM_CONVERSION = YES;
				CLANG_WARN_INFINITE_RECURSION = YES;
				CLANG_WARN_INT_CONVERSION = YES;
				CLANG_WARN_NON_LITERAL_NULL_CONVERSION = YES;
				CLANG_WARN_OBJC_IMPLICIT_RETAIN_SELF = YES;
				CLANG_WARN_OBJC_LITERAL_CONVERSION = YES;
				CLANG_WARN_OBJC_ROOT_CLASS = YES_ERROR;
				CLANG_WARN_RANGE_LOOP_ANALYSIS = YES;
				CLANG_WARN_STRICT_PROTOTYPES = YES;
				CLANG_WARN_SUSPICIOUS_MOVE = YES;
				CLANG_WARN_UNGUARDED_AVAILABILITY = YES_AGGRESSIVE;
				CLANG_WARN_UNREACHABLE_CODE = YES;
				CLANG_WARN__DUPLICATE_METHOD_MATCH = YES;
				COPY_PHASE_STRIP = NO;
				DEBUG_INFORMATION_FORMAT = dwarf;
				ENABLE_STRICT_OBJC_MSGSEND = YES;
				ENABLE_TESTABILITY = YES;
				GCC_C_LANGUAGE_STANDARD = gnu11;
				GCC_DYNAMIC_NO_PIC = NO;
				GCC_NO_COMMON_BLOCKS = YES;
				GCC_OPTIMIZATION_LEVEL = 0;
				GCC_PREPROCESSOR_DEFINITIONS = (
					"DEBUG=1",
					"$(inherited)",
				);
				GCC_WARN_64_TO_32_BIT_CONVERSION = YES;
				GCC_WARN_ABOUT_RETURN_TYPE = YES_ERROR;
				GCC_WARN_UNDECLARED_SELECTOR = YES;
				GCC_WARN_UNINITIALIZED_AUTOS = YES_AGGRESSIVE;
				GCC_WARN_UNUSED_FUNCTION = YES;
				GCC_WARN_UNUSED_VARIABLE = YES;
				IPHONEOS_DEPLOYMENT_TARGET = 13.2;
				MTL_ENABLE_DEBUG_INFO = INCLUDE_SOURCE;
				MTL_FAST_MATH = YES;
				ONLY_ACTIVE_ARCH = YES;
				SDKROOT = iphoneos;
				SWIFT_ACTIVE_COMPILATION_CONDITIONS = DEBUG;
				SWIFT_OPTIMIZATION_LEVEL = "-Onone";
			};
			name = Debug;
		};
		705DCF2723A8E1950066B144 /* Release */ = {
			isa = XCBuildConfiguration;
			buildSettings = {
				ALWAYS_SEARCH_USER_PATHS = NO;
				CLANG_ANALYZER_NONNULL = YES;
				CLANG_ANALYZER_NUMBER_OBJECT_CONVERSION = YES_AGGRESSIVE;
				CLANG_CXX_LANGUAGE_STANDARD = "gnu++14";
				CLANG_CXX_LIBRARY = "libc++";
				CLANG_ENABLE_MODULES = YES;
				CLANG_ENABLE_OBJC_ARC = YES;
				CLANG_ENABLE_OBJC_WEAK = YES;
				CLANG_WARN_BLOCK_CAPTURE_AUTORELEASING = YES;
				CLANG_WARN_BOOL_CONVERSION = YES;
				CLANG_WARN_COMMA = YES;
				CLANG_WARN_CONSTANT_CONVERSION = YES;
				CLANG_WARN_DEPRECATED_OBJC_IMPLEMENTATIONS = YES;
				CLANG_WARN_DIRECT_OBJC_ISA_USAGE = YES_ERROR;
				CLANG_WARN_DOCUMENTATION_COMMENTS = YES;
				CLANG_WARN_EMPTY_BODY = YES;
				CLANG_WARN_ENUM_CONVERSION = YES;
				CLANG_WARN_INFINITE_RECURSION = YES;
				CLANG_WARN_INT_CONVERSION = YES;
				CLANG_WARN_NON_LITERAL_NULL_CONVERSION = YES;
				CLANG_WARN_OBJC_IMPLICIT_RETAIN_SELF = YES;
				CLANG_WARN_OBJC_LITERAL_CONVERSION = YES;
				CLANG_WARN_OBJC_ROOT_CLASS = YES_ERROR;
				CLANG_WARN_RANGE_LOOP_ANALYSIS = YES;
				CLANG_WARN_STRICT_PROTOTYPES = YES;
				CLANG_WARN_SUSPICIOUS_MOVE = YES;
				CLANG_WARN_UNGUARDED_AVAILABILITY = YES_AGGRESSIVE;
				CLANG_WARN_UNREACHABLE_CODE = YES;
				CLANG_WARN__DUPLICATE_METHOD_MATCH = YES;
				COPY_PHASE_STRIP = NO;
				DEBUG_INFORMATION_FORMAT = "dwarf-with-dsym";
				ENABLE_NS_ASSERTIONS = NO;
				ENABLE_STRICT_OBJC_MSGSEND = YES;
				GCC_C_LANGUAGE_STANDARD = gnu11;
				GCC_NO_COMMON_BLOCKS = YES;
				GCC_WARN_64_TO_32_BIT_CONVERSION = YES;
				GCC_WARN_ABOUT_RETURN_TYPE = YES_ERROR;
				GCC_WARN_UNDECLARED_SELECTOR = YES;
				GCC_WARN_UNINITIALIZED_AUTOS = YES_AGGRESSIVE;
				GCC_WARN_UNUSED_FUNCTION = YES;
				GCC_WARN_UNUSED_VARIABLE = YES;
				IPHONEOS_DEPLOYMENT_TARGET = 13.2;
				MTL_ENABLE_DEBUG_INFO = NO;
				MTL_FAST_MATH = YES;
				SDKROOT = iphoneos;
				SWIFT_COMPILATION_MODE = wholemodule;
				SWIFT_OPTIMIZATION_LEVEL = "-O";
				VALIDATE_PRODUCT = YES;
			};
			name = Release;
		};
		705DCF2923A8E1950066B144 /* Debug */ = {
			isa = XCBuildConfiguration;
			baseConfigurationReference = 8F9ADD5925C525955AA91565 /* Pods-breakpoint.debug.xcconfig */;
			buildSettings = {
				ASSETCATALOG_COMPILER_APPICON_NAME = AppIcon;
				CODE_SIGN_STYLE = Automatic;
				DEVELOPMENT_TEAM = 5DZ8G929RG;
				INFOPLIST_FILE = breakpoint/Info.plist;
				LD_RUNPATH_SEARCH_PATHS = (
					"$(inherited)",
					"@executable_path/Frameworks",
				);
				PRODUCT_BUNDLE_IDENTIFIER = TK.breakpoint;
				PRODUCT_NAME = "$(TARGET_NAME)";
				SWIFT_VERSION = 5.0;
				TARGETED_DEVICE_FAMILY = "1,2";
			};
			name = Debug;
		};
		705DCF2A23A8E1950066B144 /* Release */ = {
			isa = XCBuildConfiguration;
			baseConfigurationReference = CA139D08D36224E5D7DEFE68 /* Pods-breakpoint.release.xcconfig */;
			buildSettings = {
				ASSETCATALOG_COMPILER_APPICON_NAME = AppIcon;
				CODE_SIGN_STYLE = Automatic;
				DEVELOPMENT_TEAM = 5DZ8G929RG;
				INFOPLIST_FILE = breakpoint/Info.plist;
				LD_RUNPATH_SEARCH_PATHS = (
					"$(inherited)",
					"@executable_path/Frameworks",
				);
				PRODUCT_BUNDLE_IDENTIFIER = TK.breakpoint;
				PRODUCT_NAME = "$(TARGET_NAME)";
				SWIFT_VERSION = 5.0;
				TARGETED_DEVICE_FAMILY = "1,2";
			};
			name = Release;
		};
/* End XCBuildConfiguration section */

/* Begin XCConfigurationList section */
		705DCF0D23A8E1910066B144 /* Build configuration list for PBXProject "breakpoint" */ = {
			isa = XCConfigurationList;
			buildConfigurations = (
				705DCF2623A8E1950066B144 /* Debug */,
				705DCF2723A8E1950066B144 /* Release */,
			);
			defaultConfigurationIsVisible = 0;
			defaultConfigurationName = Release;
		};
		705DCF2823A8E1950066B144 /* Build configuration list for PBXNativeTarget "breakpoint" */ = {
			isa = XCConfigurationList;
			buildConfigurations = (
				705DCF2923A8E1950066B144 /* Debug */,
				705DCF2A23A8E1950066B144 /* Release */,
			);
			defaultConfigurationIsVisible = 0;
			defaultConfigurationName = Release;
		};
/* End XCConfigurationList section */
	};
	rootObject = 705DCF0A23A8E1910066B144 /* Project object */;
}
